
Microsoft Visual Studio Solution File, Format Version 12.00
# Visual Studio Version 17
VisualStudioVersion = 17.4.33103.184
MinimumVisualStudioVersion = 10.0.40219.1
Project("{FAE04EC0-301F-11D3-BF4B-00C04F79EFBC}") = "Freecell", "Freecell\Freecell.csproj", "{C6A7723D-67A7-4B9F-9378-1DC7AC78138C}"
EndProject
Project("{FAE04EC0-301F-11D3-BF4B-00C04F79EFBC}") = "cards", "cards\cards.csproj", "{8A42CDA4-74D8-44B2-AB52-EA3FB3627112}"
EndProject
Global
	GlobalSection(SolutionConfigurationPlatforms) = preSolution
		Debug|Any CPU = Debug|Any CPU
		Release|Any CPU = Release|Any CPU
	EndGlobalSection
	GlobalSection(ProjectConfigurationPlatforms) = postSolution
		{C6A7723D-67A7-4B9F-9378-1DC7AC78138C}.Debug|Any CPU.ActiveCfg = Debug|Any CPU
		{C6A7723D-67A7-4B9F-9378-1DC7AC78138C}.Debug|Any CPU.Build.0 = Debug|Any CPU
		{C6A7723D-67A7-4B9F-9378-1DC7AC78138C}.Release|Any CPU.ActiveCfg = Release|Any CPU
		{C6A7723D-67A7-4B9F-9378-1DC7AC78138C}.Release|Any CPU.Build.0 = Release|Any CPU
		{8A42CDA4-74D8-44B2-AB52-EA3FB3627112}.Debug|Any CPU.ActiveCfg = Debug|Any CPU
		{8A42CDA4-74D8-44B2-AB52-EA3FB3627112}.Debug|Any CPU.Build.0 = Debug|Any CPU
		{8A42CDA4-74D8-44B2-AB52-EA3FB3627112}.Release|Any CPU.ActiveCfg = Release|Any CPU
		{8A42CDA4-74D8-44B2-AB52-EA3FB3627112}.Release|Any CPU.Build.0 = Release|Any CPU
	EndGlobalSection
	GlobalSection(SolutionProperties) = preSolution
		HideSolutionNode = FALSE
	EndGlobalSection
EndGlobal
